PODS:
  - AnimatedTextInput (0.5.5)
  - FBSnapshotTestCase (2.1.4):
    - FBSnapshotTestCase/SwiftSupport (= 2.1.4)
  - FBSnapshotTestCase/Core (2.1.4)
  - FBSnapshotTestCase/SwiftSupport (2.1.4):
    - FBSnapshotTestCase/Core
  - KIF (3.6.0):
    - KIF/Core (= 3.6.0)
  - KIF/Core (3.6.0)

DEPENDENCIES:
  - AnimatedTextInput (from `../`)
  - FBSnapshotTestCase
  - KIF (~> 3.5)

SPEC REPOS:
  https://github.com/CocoaPods/Specs.git:
    - FBSnapshotTestCase
    - KIF

EXTERNAL SOURCES:
  AnimatedTextInput:
    :path: "../"

SPEC CHECKSUMS:
  AnimatedTextInput: f3f55cc027cf7a38e62e920eaedb22e9ae8d883c
  FBSnapshotTestCase: 094f9f314decbabe373b87cc339bea235a63e07a
  KIF: bd770edd8ce49bc7308501e4871e58a02d137be3

PODFILE CHECKSUM: dc47b2c2e48f7d8677de2eb6d4dfe24f10a1dcfc

COCOAPODS: 1.9.3
