PODS:
  - AnimatedTextInput (0.2.0)

DEPENDENCIES:
  - AnimatedTextInput (from `../`)

EXTERNAL SOURCES:
  AnimatedTextInput:
    :path: "../"

SPEC CHECKSUMS:
  AnimatedTextInput: 45da8c76459a0380e8d8834f2610f3f5cd3b3668

PODFILE CHECKSUM: 2ce5d80fef54d8ef0d5ca0c7d754bae641726324

COCOAPODS: 1.0.1
